Microsoft Visual Studio Solution File, Format Version 12.00
# Visual Studio Version 17
VisualStudioVersion = 17.5.2.0
MinimumVisualStudioVersion = 10.0.40219.1
Project("{FAE04EC0-301F-11D3-BF4B-00C04F79EFBC}") = "C# Trening implicit & explicit casts", "C# Trening implicit & explicit casts.csproj", "{61E83B89-674C-6B46-E720-720ACC2422D9}"
EndProject
Global
	GlobalSection(SolutionConfigurationPlatforms) = preSolution
		Debug|Any CPU = Debug|Any CPU
		Release|Any CPU = Release|Any CPU
	EndGlobalSection
	GlobalSection(ProjectConfigurationPlatforms) = postSolution
		{61E83B89-674C-6B46-E720-720ACC2422D9}.Debug|Any CPU.ActiveCfg = Debug|Any CPU
		{61E83B89-674C-6B46-E720-720ACC2422D9}.Debug|Any CPU.Build.0 = Debug|Any CPU
		{61E83B89-674C-6B46-E720-720ACC2422D9}.Release|Any CPU.ActiveCfg = Release|Any CPU
		{61E83B89-674C-6B46-E720-720ACC2422D9}.Release|Any CPU.Build.0 = Release|Any CPU
	EndGlobalSection
	GlobalSection(SolutionProperties) = preSolution
		HideSolutionNode = FALSE
	EndGlobalSection
	GlobalSection(ExtensibilityGlobals) = postSolution
		SolutionGuid = {DDF8CE66-3167-4BBD-95D2-62534E97A8F4}
	EndGlobalSection
EndGlobal
